
Microsoft Visual Studio Solution File, Format Version 12.00
# Visual Studio Version 16
VisualStudioVersion = 16.0.29215.179
MinimumVisualStudioVersion = 10.0.40219.1
Project("{FAE04EC0-301F-11D3-BF4B-00C04F79EFBC}") = "MainProgram", "MainProgram\MainProgram.csproj", "{C2E6D047-72DB-4E97-9CBC-DB560480F9ED}"
EndProject
Global
	GlobalSection(SolutionConfigurationPlatforms) = preSolution
		Debug|Any CPU = Debug|Any CPU
		Release|Any CPU = Release|Any CPU
	EndGlobalSection
	GlobalSection(ProjectConfigurationPlatforms) = postSolution
		{C2E6D047-72DB-4E97-9CBC-DB560480F9ED}.Debug|Any CPU.ActiveCfg = Debug|Any CPU
		{C2E6D047-72DB-4E97-9CBC-DB560480F9ED}.Debug|Any CPU.Build.0 = Debug|Any CPU
		{C2E6D047-72DB-4E97-9CBC-DB560480F9ED}.Release|Any CPU.ActiveCfg = Release|Any CPU
		{C2E6D047-72DB-4E97-9CBC-DB560480F9ED}.Release|Any CPU.Build.0 = Release|Any CPU
	EndGlobalSection
	GlobalSection(SolutionProperties) = preSolution
		HideSolutionNode = FALSE
	EndGlobalSection
	GlobalSection(ExtensibilityGlobals) = postSolution
		SolutionGuid = {320A5580-A05B-4819-8662-36C246F8FC47}
	EndGlobalSection
EndGlobal
