
Microsoft Visual Studio Solution File, Format Version 12.00
# Visual Studio Version 16
VisualStudioVersion = 16.0.29215.179
MinimumVisualStudioVersion = 10.0.40219.1
Project("{FAE04EC0-301F-11D3-BF4B-00C04F79EFBC}") = "MainProgram", "MainProgram\MainProgram.csproj", "{C2E6D047-72DB-4E97-9CBC-DB560480F9ED}"
EndProject
Project("{FAE04EC0-301F-11D3-BF4B-00C04F79EFBC}") = "random", "random\random.csproj", "{ED32D3AB-4F11-445C-A636-21CC0517975B}"
EndProject
Project("{FAE04EC0-301F-11D3-BF4B-00C04F79EFBC}") = "count form user input", "upgifter\count form user input.csproj", "{D4CE68FC-4A53-4E0F-84DB-C0273C3236B1}"
EndProject
Project("{FAE04EC0-301F-11D3-BF4B-00C04F79EFBC}") = "extra from tavla medelvarde", "extra from tavla medelvarde\extra from tavla medelvarde.csproj", "{5929A011-EE70-499C-80B4-64D47CCA327C}"
EndProject
Project("{FAE04EC0-301F-11D3-BF4B-00C04F79EFBC}") = "ovningsuppgift16A", "ovningsuppgift16A\ovningsuppgift16A.csproj", "{F65BCA96-F93F-4936-B1AC-559DE90CFF33}"
EndProject
Project("{FAE04EC0-301F-11D3-BF4B-00C04F79EFBC}") = "circel", "circel\circel.csproj", "{0865CC48-0527-450C-BDE9-745CA41802EE}"
EndProject
Global
	GlobalSection(SolutionConfigurationPlatforms) = preSolution
		Debug|Any CPU = Debug|Any CPU
		Release|Any CPU = Release|Any CPU
	EndGlobalSection
	GlobalSection(ProjectConfigurationPlatforms) = postSolution
		{C2E6D047-72DB-4E97-9CBC-DB560480F9ED}.Debug|Any CPU.ActiveCfg = Debug|Any CPU
		{C2E6D047-72DB-4E97-9CBC-DB560480F9ED}.Debug|Any CPU.Build.0 = Debug|Any CPU
		{C2E6D047-72DB-4E97-9CBC-DB560480F9ED}.Release|Any CPU.ActiveCfg = Release|Any CPU
		{C2E6D047-72DB-4E97-9CBC-DB560480F9ED}.Release|Any CPU.Build.0 = Release|Any CPU
		{ED32D3AB-4F11-445C-A636-21CC0517975B}.Debug|Any CPU.ActiveCfg = Debug|Any CPU
		{ED32D3AB-4F11-445C-A636-21CC0517975B}.Debug|Any CPU.Build.0 = Debug|Any CPU
		{ED32D3AB-4F11-445C-A636-21CC0517975B}.Release|Any CPU.ActiveCfg = Release|Any CPU
		{ED32D3AB-4F11-445C-A636-21CC0517975B}.Release|Any CPU.Build.0 = Release|Any CPU
		{D4CE68FC-4A53-4E0F-84DB-C0273C3236B1}.Debug|Any CPU.ActiveCfg = Debug|Any CPU
		{D4CE68FC-4A53-4E0F-84DB-C0273C3236B1}.Debug|Any CPU.Build.0 = Debug|Any CPU
		{D4CE68FC-4A53-4E0F-84DB-C0273C3236B1}.Release|Any CPU.ActiveCfg = Release|Any CPU
		{D4CE68FC-4A53-4E0F-84DB-C0273C3236B1}.Release|Any CPU.Build.0 = Release|Any CPU
		{5929A011-EE70-499C-80B4-64D47CCA327C}.Debug|Any CPU.ActiveCfg = Debug|Any CPU
		{5929A011-EE70-499C-80B4-64D47CCA327C}.Debug|Any CPU.Build.0 = Debug|Any CPU
		{5929A011-EE70-499C-80B4-64D47CCA327C}.Release|Any CPU.ActiveCfg = Release|Any CPU
		{5929A011-EE70-499C-80B4-64D47CCA327C}.Release|Any CPU.Build.0 = Release|Any CPU
		{F65BCA96-F93F-4936-B1AC-559DE90CFF33}.Debug|Any CPU.ActiveCfg = Debug|Any CPU
		{F65BCA96-F93F-4936-B1AC-559DE90CFF33}.Debug|Any CPU.Build.0 = Debug|Any CPU
		{F65BCA96-F93F-4936-B1AC-559DE90CFF33}.Release|Any CPU.ActiveCfg = Release|Any CPU
		{F65BCA96-F93F-4936-B1AC-559DE90CFF33}.Release|Any CPU.Build.0 = Release|Any CPU
		{0865CC48-0527-450C-BDE9-745CA41802EE}.Debug|Any CPU.ActiveCfg = Debug|Any CPU
		{0865CC48-0527-450C-BDE9-745CA41802EE}.Debug|Any CPU.Build.0 = Debug|Any CPU
		{0865CC48-0527-450C-BDE9-745CA41802EE}.Release|Any CPU.ActiveCfg = Release|Any CPU
		{0865CC48-0527-450C-BDE9-745CA41802EE}.Release|Any CPU.Build.0 = Release|Any CPU
	EndGlobalSection
	GlobalSection(SolutionProperties) = preSolution
		HideSolutionNode = FALSE
	EndGlobalSection
	GlobalSection(ExtensibilityGlobals) = postSolution
		SolutionGuid = {320A5580-A05B-4819-8662-36C246F8FC47}
	EndGlobalSection
EndGlobal
