
Microsoft Visual Studio Solution File, Format Version 12.00
# Visual Studio Version 16
VisualStudioVersion = 16.0.29215.179
MinimumVisualStudioVersion = 10.0.40219.1
Project("{FAE04EC0-301F-11D3-BF4B-00C04F79EFBC}") = "uppgift-1", "uppgift-1\uppgift-1.csproj", "{27C22B40-5259-4D6F-A416-BC7AD3B865DC}"
EndProject
Global
	GlobalSection(SolutionConfigurationPlatforms) = preSolution
		Debug|Any CPU = Debug|Any CPU
		Release|Any CPU = Release|Any CPU
	EndGlobalSection
	GlobalSection(ProjectConfigurationPlatforms) = postSolution
		{27C22B40-5259-4D6F-A416-BC7AD3B865DC}.Debug|Any CPU.ActiveCfg = Debug|Any CPU
		{27C22B40-5259-4D6F-A416-BC7AD3B865DC}.Debug|Any CPU.Build.0 = Debug|Any CPU
		{27C22B40-5259-4D6F-A416-BC7AD3B865DC}.Release|Any CPU.ActiveCfg = Release|Any CPU
		{27C22B40-5259-4D6F-A416-BC7AD3B865DC}.Release|Any CPU.Build.0 = Release|Any CPU
	EndGlobalSection
	GlobalSection(SolutionProperties) = preSolution
		HideSolutionNode = FALSE
	EndGlobalSection
	GlobalSection(ExtensibilityGlobals) = postSolution
		SolutionGuid = {87E82111-48EA-4C51-BDF6-0031A7D9C099}
	EndGlobalSection
EndGlobal
