
Microsoft Visual Studio Solution File, Format Version 12.00
# Visual Studio Version 16
VisualStudioVersion = 16.0.29215.179
MinimumVisualStudioVersion = 10.0.40219.1
Project("{FAE04EC0-301F-11D3-BF4B-00C04F79EFBC}") = "inlamning 1 - gissa nummer", "inlamning 1\inlamning 1 - gissa nummer.csproj", "{6EE281AC-973E-457B-AC5B-EF0267F39335}"
EndProject
Global
	GlobalSection(SolutionConfigurationPlatforms) = preSolution
		Debug|Any CPU = Debug|Any CPU
		Release|Any CPU = Release|Any CPU
	EndGlobalSection
	GlobalSection(ProjectConfigurationPlatforms) = postSolution
		{6EE281AC-973E-457B-AC5B-EF0267F39335}.Debug|Any CPU.ActiveCfg = Debug|Any CPU
		{6EE281AC-973E-457B-AC5B-EF0267F39335}.Debug|Any CPU.Build.0 = Debug|Any CPU
		{6EE281AC-973E-457B-AC5B-EF0267F39335}.Release|Any CPU.ActiveCfg = Release|Any CPU
		{6EE281AC-973E-457B-AC5B-EF0267F39335}.Release|Any CPU.Build.0 = Release|Any CPU
	EndGlobalSection
	GlobalSection(SolutionProperties) = preSolution
		HideSolutionNode = FALSE
	EndGlobalSection
	GlobalSection(ExtensibilityGlobals) = postSolution
		SolutionGuid = {C5A7D35C-5664-4806-8E03-D6C95AED4E1D}
	EndGlobalSection
EndGlobal
